
Microsoft Visual Studio Solution File, Format Version 11.00
# Visual Studio 2010
Project("{FAE04EC0-301F-11D3-BF4B-00C04F79EFBC}") = "SpaceForce", "Assembly-CSharp.csproj", "{E70FE07F-2C8F-8A59-26F1-F796B49D3E77}"
EndProject
Project("{FAE04EC0-301F-11D3-BF4B-00C04F79EFBC}") = "SpaceForce", "Assembly-CSharp-Editor.csproj", "{A460B2DB-8A3C-B084-123D-1663C0C7FE48}"
EndProject
Global
	GlobalSection(SolutionConfigurationPlatforms) = preSolution
		Debug|Any CPU = Debug|Any CPU
		Release|Any CPU = Release|Any CPU
	EndGlobalSection
	GlobalSection(ProjectConfigurationPlatforms) = postSolution
		{E70FE07F-2C8F-8A59-26F1-F796B49D3E77}.Debug|Any CPU.ActiveCfg = Debug|Any CPU
		{E70FE07F-2C8F-8A59-26F1-F796B49D3E77}.Debug|Any CPU.Build.0 = Debug|Any CPU
		{E70FE07F-2C8F-8A59-26F1-F796B49D3E77}.Release|Any CPU.ActiveCfg = Release|Any CPU
		{E70FE07F-2C8F-8A59-26F1-F796B49D3E77}.Release|Any CPU.Build.0 = Release|Any CPU
		{A460B2DB-8A3C-B084-123D-1663C0C7FE48}.Debug|Any CPU.ActiveCfg = Debug|Any CPU
		{A460B2DB-8A3C-B084-123D-1663C0C7FE48}.Debug|Any CPU.Build.0 = Debug|Any CPU
		{A460B2DB-8A3C-B084-123D-1663C0C7FE48}.Release|Any CPU.ActiveCfg = Release|Any CPU
		{A460B2DB-8A3C-B084-123D-1663C0C7FE48}.Release|Any CPU.Build.0 = Release|Any CPU
	EndGlobalSection
	GlobalSection(SolutionProperties) = preSolution
		HideSolutionNode = FALSE
	EndGlobalSection
	GlobalSection(MonoDevelopProperties) = preSolution
		StartupItem = Assembly-CSharp.csproj
	EndGlobalSection
EndGlobal
